
Microsoft Visual Studio Solution File, Format Version 12.00
# Visual Studio Version 16
VisualStudioVersion = 16.0.810.0
MinimumVisualStudioVersion = 10.0.40219.1
Project("{FAE04EC0-301F-11D3-BF4B-00C04F79EFBC}") = "LoopExercise", "LoopExercise\LoopExercise.csproj", "{831771D2-A6D5-4314-AF43-162E4D72C072}"
EndProject
Global
	GlobalSection(SolutionConfigurationPlatforms) = preSolution
		Debug|Any CPU = Debug|Any CPU
		Release|Any CPU = Release|Any CPU
	EndGlobalSection
	GlobalSection(ProjectConfigurationPlatforms) = postSolution
		{831771D2-A6D5-4314-AF43-162E4D72C072}.Debug|Any CPU.ActiveCfg = Debug|Any CPU
		{831771D2-A6D5-4314-AF43-162E4D72C072}.Debug|Any CPU.Build.0 = Debug|Any CPU
		{831771D2-A6D5-4314-AF43-162E4D72C072}.Release|Any CPU.ActiveCfg = Release|Any CPU
		{831771D2-A6D5-4314-AF43-162E4D72C072}.Release|Any CPU.Build.0 = Release|Any CPU
	EndGlobalSection
	GlobalSection(SolutionProperties) = preSolution
		HideSolutionNode = FALSE
	EndGlobalSection
	GlobalSection(ExtensibilityGlobals) = postSolution
		SolutionGuid = {74B2CC38-E712-4A18-889D-8D0AA547C0BF}
	EndGlobalSection
EndGlobal
